
Microsoft Visual Studio Solution File, Format Version 12.00
# Visual Studio Version 16
VisualStudioVersion = 16.0.31729.503
MinimumVisualStudioVersion = 10.0.40219.1
Project("{FAE04EC0-301F-11D3-BF4B-00C04F79EFBC}") = "Sleepyheads.Android", "Sleepyheads\Sleepyheads.Android\Sleepyheads.Android.csproj", "{22BF037A-F07C-4F3E-9954-96C725D91745}"
EndProject
Project("{FAE04EC0-301F-11D3-BF4B-00C04F79EFBC}") = "Sleepyheads", "Sleepyheads\Sleepyheads\Sleepyheads.csproj", "{D25331CA-AEB9-42CD-9851-D5FE2A94566A}"
EndProject
Global
	GlobalSection(SolutionConfigurationPlatforms) = preSolution
		Debug|Any CPU = Debug|Any CPU
		Release|Any CPU = Release|Any CPU
	EndGlobalSection
	GlobalSection(ProjectConfigurationPlatforms) = postSolution
		{22BF037A-F07C-4F3E-9954-96C725D91745}.Debug|Any CPU.ActiveCfg = Debug|Any CPU
		{22BF037A-F07C-4F3E-9954-96C725D91745}.Debug|Any CPU.Build.0 = Debug|Any CPU
		{22BF037A-F07C-4F3E-9954-96C725D91745}.Debug|Any CPU.Deploy.0 = Debug|Any CPU
		{22BF037A-F07C-4F3E-9954-96C725D91745}.Release|Any CPU.ActiveCfg = Release|Any CPU
		{22BF037A-F07C-4F3E-9954-96C725D91745}.Release|Any CPU.Build.0 = Release|Any CPU
		{22BF037A-F07C-4F3E-9954-96C725D91745}.Release|Any CPU.Deploy.0 = Release|Any CPU
		{D25331CA-AEB9-42CD-9851-D5FE2A94566A}.Debug|Any CPU.ActiveCfg = Debug|Any CPU
		{D25331CA-AEB9-42CD-9851-D5FE2A94566A}.Debug|Any CPU.Build.0 = Debug|Any CPU
		{D25331CA-AEB9-42CD-9851-D5FE2A94566A}.Debug|Any CPU.Deploy.0 = Debug|Any CPU
		{D25331CA-AEB9-42CD-9851-D5FE2A94566A}.Release|Any CPU.ActiveCfg = Release|Any CPU
		{D25331CA-AEB9-42CD-9851-D5FE2A94566A}.Release|Any CPU.Build.0 = Release|Any CPU
		{D25331CA-AEB9-42CD-9851-D5FE2A94566A}.Release|Any CPU.Deploy.0 = Release|Any CPU
	EndGlobalSection
	GlobalSection(SolutionProperties) = preSolution
		HideSolutionNode = FALSE
	EndGlobalSection
	GlobalSection(ExtensibilityGlobals) = postSolution
		SolutionGuid = {076787DC-D566-4B18-85CD-96C916DA626F}
	EndGlobalSection
EndGlobal
